
Microsoft Visual Studio Solution File, Format Version 12.00
# Visual Studio Version 16
VisualStudioVersion = 16.0.29306.81
MinimumVisualStudioVersion = 10.0.40219.1
Project("{FAE04EC0-301F-11D3-BF4B-00C04F79EFBC}") = "2semLR1_Pr1", "2semLR1_Pr1\2semLR1_Pr1.csproj", "{83945A93-B381-4E16-A770-F792DEC73287}"
EndProject
Global
	GlobalSection(SolutionConfigurationPlatforms) = preSolution
		Debug|Any CPU = Debug|Any CPU
		Release|Any CPU = Release|Any CPU
	EndGlobalSection
	GlobalSection(ProjectConfigurationPlatforms) = postSolution
		{83945A93-B381-4E16-A770-F792DEC73287}.Debug|Any CPU.ActiveCfg = Debug|Any CPU
		{83945A93-B381-4E16-A770-F792DEC73287}.Debug|Any CPU.Build.0 = Debug|Any CPU
		{83945A93-B381-4E16-A770-F792DEC73287}.Release|Any CPU.ActiveCfg = Release|Any CPU
		{83945A93-B381-4E16-A770-F792DEC73287}.Release|Any CPU.Build.0 = Release|Any CPU
	EndGlobalSection
	GlobalSection(SolutionProperties) = preSolution
		HideSolutionNode = FALSE
	EndGlobalSection
	GlobalSection(ExtensibilityGlobals) = postSolution
		SolutionGuid = {55F3C654-B44E-45AC-9993-2B112E489225}
	EndGlobalSection
EndGlobal
